// !$*UTF8*$!
{
	archiveVersion = 1;
	classes = {
	};
	objectVersion = 46;
	objects = {

/* Begin PBXBuildFile section */
		BD1DAF461D5F022700150815 /* AppDelegate.swift in Sources */ = {isa = PBXBuildFile; fileRef = BD1DAF451D5F022700150815 /* AppDelegate.swift */; };
		BD1DAF481D5F022700150815 /* ViewController.swift in Sources */ = {isa = PBXBuildFile; fileRef = BD1DAF471D5F022700150815 /* ViewController.swift */; };
		BD1DAF4B1D5F022700150815 /* Main.storyboard in Resources */ = {isa = PBXBuildFile; fileRef = BD1DAF491D5F022700150815 /* Main.storyboard */; };
		BD1DAF4D1D5F022700150815 /* Assets.xcassets in Resources */ = {isa = PBXBuildFile; fileRef = BD1DAF4C1D5F022700150815 /* Assets.xcassets */; };
		BD1DAF501D5F022700150815 /* LaunchScreen.storyboard in Resources */ = {isa = PBXBuildFile; fileRef = BD1DAF4E1D5F022700150815 /* LaunchScreen.storyboard */; };
		BD1DAF5D1D5F026200150815 /* SimpleTCP.swift in Sources */ = {isa = PBXBuildFile; fileRef = BD1DAF5A1D5F026200150815 /* SimpleTCP.swift */; };
		BD1DAF5E1D5F026200150815 /* SimpleUDP.swift in Sources */ = {isa = PBXBuildFile; fileRef = BD1DAF5B1D5F026200150815 /* SimpleUDP.swift */; };
/* End PBXBuildFile section */

/* Begin PBXFileReference section */
		BD1DAF421D5F022700150815 /* SimpleSocketExample.app */ = {isa = PBXFileReference; explicitFileType = wrapper.application; includeInIndex = 0; path = SimpleSocketExample.app; sourceTree = BUILT_PRODUCTS_DIR; };
		BD1DAF451D5F022700150815 /* AppDelegate.swift */ = {isa = PBXFileReference; lastKnownFileType = sourcecode.swift; path = AppDelegate.swift; sourceTree = "<group>"; };
		BD1DAF471D5F022700150815 /* ViewController.swift */ = {isa = PBXFileReference; lastKnownFileType = sourcecode.swift; path = ViewController.swift; sourceTree = "<group>"; };
		BD1DAF4A1D5F022700150815 /* Base */ = {isa = PBXFileReference; lastKnownFileType = file.storyboard; name = Base; path = Base.lproj/Main.storyboard; sourceTree = "<group>"; };
		BD1DAF4C1D5F022700150815 /* Assets.xcassets */ = {isa = PBXFileReference; lastKnownFileType = folder.assetcatalog; path = Assets.xcassets; sourceTree = "<group>"; };
		BD1DAF4F1D5F022700150815 /* Base */ = {isa = PBXFileReference; lastKnownFileType = file.storyboard; name = Base; path = Base.lproj/LaunchScreen.storyboard; sourceTree = "<group>"; };
		BD1DAF511D5F022700150815 /* Info.plist */ = {isa = PBXFileReference; lastKnownFileType = text.plist.xml; path = Info.plist; sourceTree = "<group>"; };
		BD1DAF591D5F026200150815 /* SimpleSocket.h */ = {isa = PBXFileReference; fileEncoding = 4; lastKnownFileType = sourcecode.c.h; path = SimpleSocket.h; sourceTree = "<group>"; };
		BD1DAF5A1D5F026200150815 /* SimpleTCP.swift */ = {isa = PBXFileReference; fileEncoding = 4; lastKnownFileType = sourcecode.swift; path = SimpleTCP.swift; sourceTree = "<group>"; };
		BD1DAF5B1D5F026200150815 /* SimpleUDP.swift */ = {isa = PBXFileReference; fileEncoding = 4; lastKnownFileType = sourcecode.swift; path = SimpleUDP.swift; sourceTree = "<group>"; };
/* End PBXFileReference section */

/* Begin PBXFrameworksBuildPhase section */
		BD1DAF3F1D5F022700150815 /* Frameworks */ = {
			isa = PBXFrameworksBuildPhase;
			buildActionMask = 2147483647;
			files = (
			);
			runOnlyForDeploymentPostprocessing = 0;
		};
/* End PBXFrameworksBuildPhase section */

/* Begin PBXGroup section */
		BD1DAF391D5F022700150815 = {
			isa = PBXGroup;
			children = (
				BD1DAF571D5F026200150815 /* SimpleSocket */,
				BD1DAF441D5F022700150815 /* SimpleSocketExample */,
				BD1DAF431D5F022700150815 /* Products */,
			);
			sourceTree = "<group>";
		};
		BD1DAF431D5F022700150815 /* Products */ = {
			isa = PBXGroup;
			children = (
				BD1DAF421D5F022700150815 /* SimpleSocketExample.app */,
			);
			name = Products;
			sourceTree = "<group>";
		};
		BD1DAF441D5F022700150815 /* SimpleSocketExample */ = {
			isa = PBXGroup;
			children = (
				BD1DAF451D5F022700150815 /* AppDelegate.swift */,
				BD1DAF471D5F022700150815 /* ViewController.swift */,
				BD1DAF491D5F022700150815 /* Main.storyboard */,
				BD1DAF4C1D5F022700150815 /* Assets.xcassets */,
				BD1DAF4E1D5F022700150815 /* LaunchScreen.storyboard */,
				BD1DAF511D5F022700150815 /* Info.plist */,
			);
			path = SimpleSocketExample;
			sourceTree = "<group>";
		};
		BD1DAF571D5F026200150815 /* SimpleSocket */ = {
			isa = PBXGroup;
			children = (
				BD1DAF591D5F026200150815 /* SimpleSocket.h */,
				BD1DAF5A1D5F026200150815 /* SimpleTCP.swift */,
				BD1DAF5B1D5F026200150815 /* SimpleUDP.swift */,
			);
			name = SimpleSocket;
			path = ../SimpleSocket;
			sourceTree = "<group>";
		};
/* End PBXGroup section */

/* Begin PBXNativeTarget section */
		BD1DAF411D5F022700150815 /* SimpleSocketExample */ = {
			isa = PBXNativeTarget;
			buildConfigurationList = BD1DAF541D5F022700150815 /* Build configuration list for PBXNativeTarget "SimpleSocketExample" */;
			buildPhases = (
				BD1DAF3E1D5F022700150815 /* Sources */,
				BD1DAF3F1D5F022700150815 /* Frameworks */,
				BD1DAF401D5F022700150815 /* Resources */,
			);
			buildRules = (
			);
			dependencies = (
			);
			name = SimpleSocketExample;
			productName = SimpleSocketExample;
			productReference = BD1DAF421D5F022700150815 /* SimpleSocketExample.app */;
			productType = "com.apple.product-type.application";
		};
/* End PBXNativeTarget section */

/* Begin PBXProject section */
		BD1DAF3A1D5F022700150815 /* Project object */ = {
			isa = PBXProject;
			attributes = {
				LastSwiftUpdateCheck = 0730;
				LastUpgradeCheck = 0730;
				ORGANIZATIONNAME = "___MORIOKAToyoshi___";
				TargetAttributes = {
					BD1DAF411D5F022700150815 = {
						CreatedOnToolsVersion = 7.3.1;
					};
				};
			};
			buildConfigurationList = BD1DAF3D1D5F022700150815 /* Build configuration list for PBXProject "SimpleSocketExample" */;
			compatibilityVersion = "Xcode 3.2";
			developmentRegion = English;
			hasScannedForEncodings = 0;
			knownRegions = (
				en,
				Base,
			);
			mainGroup = BD1DAF391D5F022700150815;
			productRefGroup = BD1DAF431D5F022700150815 /* Products */;
			projectDirPath = "";
			projectRoot = "";
			targets = (
				BD1DAF411D5F022700150815 /* SimpleSocketExample */,
			);
		};
/* End PBXProject section */

/* Begin PBXResourcesBuildPhase section */
		BD1DAF401D5F022700150815 /* Resources */ = {
			isa = PBXResourcesBuildPhase;
			buildActionMask = 2147483647;
			files = (
				BD1DAF501D5F022700150815 /* LaunchScreen.storyboard in Resources */,
				BD1DAF4D1D5F022700150815 /* Assets.xcassets in Resources */,
				BD1DAF4B1D5F022700150815 /* Main.storyboard in Resources */,
			);
			runOnlyForDeploymentPostprocessing = 0;
		};
/* End PBXResourcesBuildPhase section */

/* Begin PBXSourcesBuildPhase section */
		BD1DAF3E1D5F022700150815 /* Sources */ = {
			isa = PBXSourcesBuildPhase;
			buildActionMask = 2147483647;
			files = (
				BD1DAF5D1D5F026200150815 /* SimpleTCP.swift in Sources */,
				BD1DAF5E1D5F026200150815 /* SimpleUDP.swift in Sources */,
				BD1DAF481D5F022700150815 /* ViewController.swift in Sources */,
				BD1DAF461D5F022700150815 /* AppDelegate.swift in Sources */,
			);
			runOnlyForDeploymentPostprocessing = 0;
		};
/* End PBXSourcesBuildPhase section */

/* Begin PBXVariantGroup section */
		BD1DAF491D5F022700150815 /* Main.storyboard */ = {
			isa = PBXVariantGroup;
			children = (
				BD1DAF4A1D5F022700150815 /* Base */,
			);
			name = Main.storyboard;
			sourceTree = "<group>";
		};
		BD1DAF4E1D5F022700150815 /* LaunchScreen.storyboard */ = {
			isa = PBXVariantGroup;
			children = (
				BD1DAF4F1D5F022700150815 /* Base */,
			);
			name = LaunchScreen.storyboard;
			sourceTree = "<group>";
		};
/* End PBXVariantGroup section */

/* Begin XCBuildConfiguration section */
		BD1DAF521D5F022700150815 /* Debug */ = {
			isa = XCBuildConfiguration;
			buildSettings = {
				ALWAYS_SEARCH_USER_PATHS = NO;
				CLANG_ANALYZER_NONNULL = YES;
				CLANG_CXX_LANGUAGE_STANDARD = "gnu++0x";
				CLANG_CXX_LIBRARY = "libc++";
				CLANG_ENABLE_MODULES = YES;
				CLANG_ENABLE_OBJC_ARC = YES;
				CLANG_WARN_BOOL_CONVERSION = YES;
				CLANG_WARN_CONSTANT_CONVERSION = YES;
				CLANG_WARN_DIRECT_OBJC_ISA_USAGE = YES_ERROR;
				CLANG_WARN_EMPTY_BODY = YES;
				CLANG_WARN_ENUM_CONVERSION = YES;
				CLANG_WARN_INT_CONVERSION = YES;
				CLANG_WARN_OBJC_ROOT_CLASS = YES_ERROR;
				CLANG_WARN_UNREACHABLE_CODE = YES;
				CLANG_WARN__DUPLICATE_METHOD_MATCH = YES;
				"CODE_SIGN_IDENTITY[sdk=iphoneos*]" = "iPhone Developer";
				COPY_PHASE_STRIP = NO;
				DEBUG_INFORMATION_FORMAT = dwarf;
				ENABLE_STRICT_OBJC_MSGSEND = YES;
				ENABLE_TESTABILITY = YES;
				GCC_C_LANGUAGE_STANDARD = gnu99;
				GCC_DYNAMIC_NO_PIC = NO;
				GCC_NO_COMMON_BLOCKS = YES;
				GCC_OPTIMIZATION_LEVEL = 0;
				GCC_PREPROCESSOR_DEFINITIONS = (
					"DEBUG=1",
					"$(inherited)",
				);
				GCC_WARN_64_TO_32_BIT_CONVERSION = YES;
				GCC_WARN_ABOUT_RETURN_TYPE = YES_ERROR;
				GCC_WARN_UNDECLARED_SELECTOR = YES;
				GCC_WARN_UNINITIALIZED_AUTOS = YES_AGGRESSIVE;
				GCC_WARN_UNUSED_FUNCTION = YES;
				GCC_WARN_UNUSED_VARIABLE = YES;
				IPHONEOS_DEPLOYMENT_TARGET = 9.3;
				MTL_ENABLE_DEBUG_INFO = YES;
				ONLY_ACTIVE_ARCH = YES;
				SDKROOT = iphoneos;
				SWIFT_OPTIMIZATION_LEVEL = "-Onone";
				TARGETED_DEVICE_FAMILY = "1,2";
			};
			name = Debug;
		};
		BD1DAF531D5F022700150815 /* Release */ = {
			isa = XCBuildConfiguration;
			buildSettings = {
				ALWAYS_SEARCH_USER_PATHS = NO;
				CLANG_ANALYZER_NONNULL = YES;
				CLANG_CXX_LANGUAGE_STANDARD = "gnu++0x";
				CLANG_CXX_LIBRARY = "libc++";
				CLANG_ENABLE_MODULES = YES;
				CLANG_ENABLE_OBJC_ARC = YES;
				CLANG_WARN_BOOL_CONVERSION = YES;
				CLANG_WARN_CONSTANT_CONVERSION = YES;
				CLANG_WARN_DIRECT_OBJC_ISA_USAGE = YES_ERROR;
				CLANG_WARN_EMPTY_BODY = YES;
				CLANG_WARN_ENUM_CONVERSION = YES;
				CLANG_WARN_INT_CONVERSION = YES;
				CLANG_WARN_OBJC_ROOT_CLASS = YES_ERROR;
				CLANG_WARN_UNREACHABLE_CODE = YES;
				CLANG_WARN__DUPLICATE_METHOD_MATCH = YES;
				"CODE_SIGN_IDENTITY[sdk=iphoneos*]" = "iPhone Developer";
				COPY_PHASE_STRIP = NO;
				DEBUG_INFORMATION_FORMAT = "dwarf-with-dsym";
				ENABLE_NS_ASSERTIONS = NO;
				ENABLE_STRICT_OBJC_MSGSEND = YES;
				GCC_C_LANGUAGE_STANDARD = gnu99;
				GCC_NO_COMMON_BLOCKS = YES;
				GCC_WARN_64_TO_32_BIT_CONVERSION = YES;
				GCC_WARN_ABOUT_RETURN_TYPE = YES_ERROR;
				GCC_WARN_UNDECLARED_SELECTOR = YES;
				GCC_WARN_UNINITIALIZED_AUTOS = YES_AGGRESSIVE;
				GCC_WARN_UNUSED_FUNCTION = YES;
				GCC_WARN_UNUSED_VARIABLE = YES;
				IPHONEOS_DEPLOYMENT_TARGET = 9.3;
				MTL_ENABLE_DEBUG_INFO = NO;
				SDKROOT = iphoneos;
				TARGETED_DEVICE_FAMILY = "1,2";
				VALIDATE_PRODUCT = YES;
			};
			name = Release;
		};
		BD1DAF551D5F022700150815 /* Debug */ = {
			isa = XCBuildConfiguration;
			buildSettings = {
				ASSETCATALOG_COMPILER_APPICON_NAME = AppIcon;
				INFOPLIST_FILE = SimpleSocketExample/Info.plist;
				LD_RUNPATH_SEARCH_PATHS = "$(inherited) @executable_path/Frameworks";
				PRODUCT_BUNDLE_IDENTIFIER = "--10drive.SimpleSocketExample";
				PRODUCT_NAME = "$(TARGET_NAME)";
			};
			name = Debug;
		};
		BD1DAF561D5F022700150815 /* Release */ = {
			isa = XCBuildConfiguration;
			buildSettings = {
				ASSETCATALOG_COMPILER_APPICON_NAME = AppIcon;
				INFOPLIST_FILE = SimpleSocketExample/Info.plist;
				LD_RUNPATH_SEARCH_PATHS = "$(inherited) @executable_path/Frameworks";
				PRODUCT_BUNDLE_IDENTIFIER = "--10drive.SimpleSocketExample";
				PRODUCT_NAME = "$(TARGET_NAME)";
			};
			name = Release;
		};
/* End XCBuildConfiguration section */

/* Begin XCConfigurationList section */
		BD1DAF3D1D5F022700150815 /* Build configuration list for PBXProject "SimpleSocketExample" */ = {
			isa = XCConfigurationList;
			buildConfigurations = (
				BD1DAF521D5F022700150815 /* Debug */,
				BD1DAF531D5F022700150815 /* Release */,
			);
			defaultConfigurationIsVisible = 0;
			defaultConfigurationName = Release;
		};
		BD1DAF541D5F022700150815 /* Build configuration list for PBXNativeTarget "SimpleSocketExample" */ = {
			isa = XCConfigurationList;
			buildConfigurations = (
				BD1DAF551D5F022700150815 /* Debug */,
				BD1DAF561D5F022700150815 /* Release */,
			);
			defaultConfigurationIsVisible = 0;
		};
/* End XCConfigurationList section */
	};
	rootObject = BD1DAF3A1D5F022700150815 /* Project object */;
}
